
Microsoft Visual Studio Solution File, Format Version 12.00
# Visual Studio 2013
VisualStudioVersion = 12.0.21005.1
MinimumVisualStudioVersion = 10.0.40219.1
Project("{FAE04EC0-301F-11D3-BF4B-00C04F79EFBC}") = "pluralsightmvc4_01", "pluralsightmvc4_01\pluralsightmvc4_01.csproj", "{A040FBE6-5A3D-4346-9EE8-8C0E5D656381}"
EndProject
Project("{FAE04EC0-301F-11D3-BF4B-00C04F79EFBC}") = "pluralsightmvc4_01.Tests", "pluralsightmvc4_01.Tests\pluralsightmvc4_01.Tests.csproj", "{B31C823D-AEBE-4B18-A742-D07528EF6565}"
EndProject
Global
	GlobalSection(SolutionConfigurationPlatforms) = preSolution
		Debug|Any CPU = Debug|Any CPU
		Release|Any CPU = Release|Any CPU
	EndGlobalSection
	GlobalSection(ProjectConfigurationPlatforms) = postSolution
		{A040FBE6-5A3D-4346-9EE8-8C0E5D656381}.Debug|Any CPU.ActiveCfg = Debug|Any CPU
		{A040FBE6-5A3D-4346-9EE8-8C0E5D656381}.Debug|Any CPU.Build.0 = Debug|Any CPU
		{A040FBE6-5A3D-4346-9EE8-8C0E5D656381}.Release|Any CPU.ActiveCfg = Release|Any CPU
		{A040FBE6-5A3D-4346-9EE8-8C0E5D656381}.Release|Any CPU.Build.0 = Release|Any CPU
		{B31C823D-AEBE-4B18-A742-D07528EF6565}.Debug|Any CPU.ActiveCfg = Debug|Any CPU
		{B31C823D-AEBE-4B18-A742-D07528EF6565}.Debug|Any CPU.Build.0 = Debug|Any CPU
		{B31C823D-AEBE-4B18-A742-D07528EF6565}.Release|Any CPU.ActiveCfg = Release|Any CPU
		{B31C823D-AEBE-4B18-A742-D07528EF6565}.Release|Any CPU.Build.0 = Release|Any CPU
	EndGlobalSection
	GlobalSection(SolutionProperties) = preSolution
		HideSolutionNode = FALSE
	EndGlobalSection
EndGlobal
